{
  "name": "ape",
  "version": "1.0.1",
  "lockfileVersion": 1,
  "requires": true,
  "dependencies": {
    "forwarded-parse": {
      "version": "2.1.0",
      "resolved": "https://registry.npmjs.org/forwarded-parse/-/forwarded-parse-2.1.0.tgz",
      "integrity": "sha512-as9a7Xelt0CvdUy7/qxrY73dZq2vMx49F556fwjjFrUyzq5uHHfeLgD2cCq/6P4ZvusGZzjD6aL2NdgGdS5Cew=="
    },
    "original-url": {
      "version": "1.2.1",
      "resolved": "https://registry.npmjs.org/original-url/-/original-url-1.2.1.tgz",
      "integrity": "sha512-JpGqpwOsstWtxJW1kf1yTL8+vPfgrEHmhRQS/Gx/Bd0sdZVj15ZrN5RZAiicTFZsvgHwbTRb7a7KXPdfzmWT5g==",
      "requires": {
        "forwarded-parse": "2.1.0"
      }
    }
  }
}
